
Microsoft Visual Studio Solution File, Format Version 12.00
# Visual Studio Version 16
VisualStudioVersion = 16.0.30413.136
MinimumVisualStudioVersion = 10.0.40219.1
Project("{FAE04EC0-301F-11D3-BF4B-00C04F79EFBC}") = "Quiz09_GenericCollections", "Quiz09_GenericCollections.csproj", "{BC161C4B-29BC-4687-B0E2-EB2561541C34}"
EndProject
Global
	GlobalSection(SolutionConfigurationPlatforms) = preSolution
		Debug|Any CPU = Debug|Any CPU
		Release|Any CPU = Release|Any CPU
	EndGlobalSection
	GlobalSection(ProjectConfigurationPlatforms) = postSolution
		{BC161C4B-29BC-4687-B0E2-EB2561541C34}.Debug|Any CPU.ActiveCfg = Debug|Any CPU
		{BC161C4B-29BC-4687-B0E2-EB2561541C34}.Debug|Any CPU.Build.0 = Debug|Any CPU
		{BC161C4B-29BC-4687-B0E2-EB2561541C34}.Release|Any CPU.ActiveCfg = Release|Any CPU
		{BC161C4B-29BC-4687-B0E2-EB2561541C34}.Release|Any CPU.Build.0 = Release|Any CPU
	EndGlobalSection
	GlobalSection(SolutionProperties) = preSolution
		HideSolutionNode = FALSE
	EndGlobalSection
	GlobalSection(ExtensibilityGlobals) = postSolution
		SolutionGuid = {18890883-0F0E-4B88-96DA-93355E046E54}
	EndGlobalSection
EndGlobal
