
Microsoft Visual Studio Solution File, Format Version 12.00
# Visual Studio Version 16
VisualStudioVersion = 16.0.30406.217
MinimumVisualStudioVersion = 10.0.40219.1
Project("{FAE04EC0-301F-11D3-BF4B-00C04F79EFBC}") = "quiz07", "quiz07.csproj", "{0F810AB3-B444-478B-B30E-AF2AAF3D5632}"
EndProject
Global
	GlobalSection(SolutionConfigurationPlatforms) = preSolution
		Debug|Any CPU = Debug|Any CPU
		Release|Any CPU = Release|Any CPU
	EndGlobalSection
	GlobalSection(ProjectConfigurationPlatforms) = postSolution
		{0F810AB3-B444-478B-B30E-AF2AAF3D5632}.Debug|Any CPU.ActiveCfg = Debug|Any CPU
		{0F810AB3-B444-478B-B30E-AF2AAF3D5632}.Debug|Any CPU.Build.0 = Debug|Any CPU
		{0F810AB3-B444-478B-B30E-AF2AAF3D5632}.Release|Any CPU.ActiveCfg = Release|Any CPU
		{0F810AB3-B444-478B-B30E-AF2AAF3D5632}.Release|Any CPU.Build.0 = Release|Any CPU
	EndGlobalSection
	GlobalSection(SolutionProperties) = preSolution
		HideSolutionNode = FALSE
	EndGlobalSection
	GlobalSection(ExtensibilityGlobals) = postSolution
		SolutionGuid = {AB322F81-1E9B-40E0-8AF2-BED43C7B72EE}
	EndGlobalSection
EndGlobal
